
Microsoft Visual Studio Solution File, Format Version 12.00
# Visual Studio Version 17
VisualStudioVersion = 17.2.32505.173
MinimumVisualStudioVersion = 10.0.40219.1
Project("{FAE04EC0-301F-11D3-BF4B-00C04F79EFBC}") = "HelloWorld", "HelloWorld.csproj", "{0D40196E-8240-4D04-93AB-A4B490EBFD02}"
EndProject
Global
	GlobalSection(SolutionConfigurationPlatforms) = preSolution
		Debug|Any CPU = Debug|Any CPU
		Release|Any CPU = Release|Any CPU
	EndGlobalSection
	GlobalSection(ProjectConfigurationPlatforms) = postSolution
		{0D40196E-8240-4D04-93AB-A4B490EBFD02}.Debug|Any CPU.ActiveCfg = Debug|Any CPU
		{0D40196E-8240-4D04-93AB-A4B490EBFD02}.Debug|Any CPU.Build.0 = Debug|Any CPU
		{0D40196E-8240-4D04-93AB-A4B490EBFD02}.Release|Any CPU.ActiveCfg = Release|Any CPU
		{0D40196E-8240-4D04-93AB-A4B490EBFD02}.Release|Any CPU.Build.0 = Release|Any CPU
	EndGlobalSection
	GlobalSection(SolutionProperties) = preSolution
		HideSolutionNode = FALSE
	EndGlobalSection
	GlobalSection(ExtensibilityGlobals) = postSolution
		SolutionGuid = {B4ABD578-6D67-4845-8E27-735AF55727F9}
	EndGlobalSection
EndGlobal
