
Microsoft Visual Studio Solution File, Format Version 12.00
# Visual Studio Version 17
VisualStudioVersion = 17.3.32901.215
MinimumVisualStudioVersion = 10.0.40219.1
Project("{FAE04EC0-301F-11D3-BF4B-00C04F79EFBC}") = "MVC", "MVC.csproj", "{59B3DB3B-89BA-4647-AD75-71DB46D61164}"
EndProject
Global
	GlobalSection(SolutionConfigurationPlatforms) = preSolution
		Debug|Any CPU = Debug|Any CPU
		Release|Any CPU = Release|Any CPU
	EndGlobalSection
	GlobalSection(ProjectConfigurationPlatforms) = postSolution
		{59B3DB3B-89BA-4647-AD75-71DB46D61164}.Debug|Any CPU.ActiveCfg = Debug|Any CPU
		{59B3DB3B-89BA-4647-AD75-71DB46D61164}.Debug|Any CPU.Build.0 = Debug|Any CPU
		{59B3DB3B-89BA-4647-AD75-71DB46D61164}.Release|Any CPU.ActiveCfg = Release|Any CPU
		{59B3DB3B-89BA-4647-AD75-71DB46D61164}.Release|Any CPU.Build.0 = Release|Any CPU
	EndGlobalSection
	GlobalSection(SolutionProperties) = preSolution
		HideSolutionNode = FALSE
	EndGlobalSection
	GlobalSection(ExtensibilityGlobals) = postSolution
		SolutionGuid = {85198775-99AC-4DF0-9BBD-09718A79B929}
	EndGlobalSection
EndGlobal
